
Microsoft Visual Studio Solution File, Format Version 12.00
# Visual Studio Version 16
VisualStudioVersion = 16.0.32126.315
MinimumVisualStudioVersion = 10.0.40219.1
Project("{FAE04EC0-301F-11D3-BF4B-00C04F79EFBC}") = "RevitAPITraining42", "RevitAPITraining42\RevitAPITraining42.csproj", "{7A3F3895-EB1A-4C6D-99EB-76169C7E3A2E}"
EndProject
Global
	GlobalSection(SolutionConfigurationPlatforms) = preSolution
		Debug|Any CPU = Debug|Any CPU
		Release|Any CPU = Release|Any CPU
	EndGlobalSection
	GlobalSection(ProjectConfigurationPlatforms) = postSolution
		{7A3F3895-EB1A-4C6D-99EB-76169C7E3A2E}.Debug|Any CPU.ActiveCfg = Debug|Any CPU
		{7A3F3895-EB1A-4C6D-99EB-76169C7E3A2E}.Debug|Any CPU.Build.0 = Debug|Any CPU
		{7A3F3895-EB1A-4C6D-99EB-76169C7E3A2E}.Release|Any CPU.ActiveCfg = Release|Any CPU
		{7A3F3895-EB1A-4C6D-99EB-76169C7E3A2E}.Release|Any CPU.Build.0 = Release|Any CPU
	EndGlobalSection
	GlobalSection(SolutionProperties) = preSolution
		HideSolutionNode = FALSE
	EndGlobalSection
	GlobalSection(ExtensibilityGlobals) = postSolution
		SolutionGuid = {A0026223-20E9-496E-8590-6943FA894C17}
	EndGlobalSection
EndGlobal
